
Microsoft Visual Studio Solution File, Format Version 12.00
# Visual Studio Version 17
VisualStudioVersion = 17.13.35828.75 d17.13
MinimumVisualStudioVersion = 10.0.40219.1
Project("{FAE04EC0-301F-11D3-BF4B-00C04F79EFBC}") = "LinqExample", "LinqExample\LinqExample.csproj", "{97A91646-FD79-4B53-B980-2E67BD846431}"
EndProject
Global
	GlobalSection(SolutionConfigurationPlatforms) = preSolution
		Debug|Any CPU = Debug|Any CPU
		Release|Any CPU = Release|Any CPU
	EndGlobalSection
	GlobalSection(ProjectConfigurationPlatforms) = postSolution
		{97A91646-FD79-4B53-B980-2E67BD846431}.Debug|Any CPU.ActiveCfg = Debug|Any CPU
		{97A91646-FD79-4B53-B980-2E67BD846431}.Debug|Any CPU.Build.0 = Debug|Any CPU
		{97A91646-FD79-4B53-B980-2E67BD846431}.Release|Any CPU.ActiveCfg = Release|Any CPU
		{97A91646-FD79-4B53-B980-2E67BD846431}.Release|Any CPU.Build.0 = Release|Any CPU
	EndGlobalSection
	GlobalSection(SolutionProperties) = preSolution
		HideSolutionNode = FALSE
	EndGlobalSection
	GlobalSection(ExtensibilityGlobals) = postSolution
		SolutionGuid = {22E3DBFF-93AA-4CAE-AABD-1A6D2D7E9A8C}
	EndGlobalSection
EndGlobal
