
Microsoft Visual Studio Solution File, Format Version 12.00
# Visual Studio Version 17
VisualStudioVersion = 17.13.35828.75 d17.13
MinimumVisualStudioVersion = 10.0.40219.1
Project("{FAE04EC0-301F-11D3-BF4B-00C04F79EFBC}") = "JsonAndXML", "JsonAndXML\JsonAndXML.csproj", "{5A1B036C-5029-4CB9-A385-3C3D5AECDF29}"
EndProject
Global
	GlobalSection(SolutionConfigurationPlatforms) = preSolution
		Debug|Any CPU = Debug|Any CPU
		Release|Any CPU = Release|Any CPU
	EndGlobalSection
	GlobalSection(ProjectConfigurationPlatforms) = postSolution
		{5A1B036C-5029-4CB9-A385-3C3D5AECDF29}.Debug|Any CPU.ActiveCfg = Debug|Any CPU
		{5A1B036C-5029-4CB9-A385-3C3D5AECDF29}.Debug|Any CPU.Build.0 = Debug|Any CPU
		{5A1B036C-5029-4CB9-A385-3C3D5AECDF29}.Release|Any CPU.ActiveCfg = Release|Any CPU
		{5A1B036C-5029-4CB9-A385-3C3D5AECDF29}.Release|Any CPU.Build.0 = Release|Any CPU
	EndGlobalSection
	GlobalSection(SolutionProperties) = preSolution
		HideSolutionNode = FALSE
	EndGlobalSection
	GlobalSection(ExtensibilityGlobals) = postSolution
		SolutionGuid = {AB0A4B0D-7D62-41E8-8B0C-A8239AB6F09F}
	EndGlobalSection
EndGlobal
