
Microsoft Visual Studio Solution File, Format Version 12.00
# Visual Studio Version 17
VisualStudioVersion = 17.13.35828.75 d17.13
MinimumVisualStudioVersion = 10.0.40219.1
Project("{FAE04EC0-301F-11D3-BF4B-00C04F79EFBC}") = "InterfaceMultiPleInheritance", "InterfaceMultiPleInheritance\InterfaceMultiPleInheritance.csproj", "{F1E5EF6F-5422-46E6-A7F8-915F047FC5B9}"
EndProject
Global
	GlobalSection(SolutionConfigurationPlatforms) = preSolution
		Debug|Any CPU = Debug|Any CPU
		Release|Any CPU = Release|Any CPU
	EndGlobalSection
	GlobalSection(ProjectConfigurationPlatforms) = postSolution
		{F1E5EF6F-5422-46E6-A7F8-915F047FC5B9}.Debug|Any CPU.ActiveCfg = Debug|Any CPU
		{F1E5EF6F-5422-46E6-A7F8-915F047FC5B9}.Debug|Any CPU.Build.0 = Debug|Any CPU
		{F1E5EF6F-5422-46E6-A7F8-915F047FC5B9}.Release|Any CPU.ActiveCfg = Release|Any CPU
		{F1E5EF6F-5422-46E6-A7F8-915F047FC5B9}.Release|Any CPU.Build.0 = Release|Any CPU
	EndGlobalSection
	GlobalSection(SolutionProperties) = preSolution
		HideSolutionNode = FALSE
	EndGlobalSection
	GlobalSection(ExtensibilityGlobals) = postSolution
		SolutionGuid = {D60C0EDA-688E-4C62-8773-41754E622BDB}
	EndGlobalSection
EndGlobal
